
Microsoft Visual Studio Solution File, Format Version 12.00
# Visual Studio 14
VisualStudioVersion = 14.0.25123.0
MinimumVisualStudioVersion = 10.0.40219.1
Project("{FAE04EC0-301F-11D3-BF4B-00C04F79EFBC}") = "MahAppsThemeMainWindow", "MahAppsThemeMainWindow\MahAppsThemeMainWindow.csproj", "{47C0CD98-C609-4B5C-AEC8-AA1F20828E8A}"
EndProject
Project("{FAE04EC0-301F-11D3-BF4B-00C04F79EFBC}") = "MahAppsThemeInfrastructure", "MahAppsThemeInfrastructure\MahAppsThemeInfrastructure.csproj", "{C968F948-4CB9-4586-8CC6-6EF54464433B}"
EndProject
Project("{FAE04EC0-301F-11D3-BF4B-00C04F79EFBC}") = "CB.Model.Common", "..\..\..\Libraries\DotNet\CB.Model\CB.Model.Common\CB.Model.Common.csproj", "{33A5DF99-1312-4023-A6EF-EABB9848F5A6}"
EndProject
Project("{FAE04EC0-301F-11D3-BF4B-00C04F79EFBC}") = "CB.Model.Prism", "..\..\..\Libraries\DotNet\CB.Model\CB.Model.Prism\CB.Model.Prism.csproj", "{6A52CAE9-6F3E-4A20-96EB-0E6116A6709C}"
EndProject
Project("{FAE04EC0-301F-11D3-BF4B-00C04F79EFBC}") = "Lovatts.ColorEditor", "..\..\..\Open Source\BrushEditor\Lovatts.ColorEditor\Lovatts.ColorEditor.csproj", "{C6214137-F4CD-4298-81E3-5A05CA7CB892}"
EndProject
Project("{FAE04EC0-301F-11D3-BF4B-00C04F79EFBC}") = "CB.Xaml.ValueConverters", "..\..\..\Libraries\DotNet\CB.Xaml\CB.Xaml.ValueConverters\CB.Xaml.ValueConverters.csproj", "{3C46F9A4-7A8B-4588-872F-60B36E471FC5}"
EndProject
Project("{FAE04EC0-301F-11D3-BF4B-00C04F79EFBC}") = "CB.WPF.Resources.MahApps", "..\..\..\Libraries\DotNet\CB.WPF\CB.WPF.Resources.MahApps\CB.WPF.Resources.MahApps.csproj", "{88845A0D-9B1F-4D1A-92D3-0C8D97E4D747}"
EndProject
Project("{FAE04EC0-301F-11D3-BF4B-00C04F79EFBC}") = "CB.Prism.Interactivity", "..\..\..\Libraries\DotNet\CB.Prism\CB.Prism.Interactivity\CB.Prism.Interactivity.csproj", "{640C072B-F368-4D76-9969-9C6BFE4070D3}"
EndProject
Project("{FAE04EC0-301F-11D3-BF4B-00C04F79EFBC}") = "CB.Wpf.Controls", "..\..\..\Libraries\DotNet\CB.WPF\CB.Wpf.Controls\CB.Wpf.Controls.csproj", "{40DDC946-CD13-4734-990F-FBFF6914652E}"
EndProject
Project("{FAE04EC0-301F-11D3-BF4B-00C04F79EFBC}") = "CB.IO.Common", "..\..\..\Libraries\DotNet\CB.IO\CB.IO.Common\CB.IO.Common.csproj", "{65789D31-922E-4801-A486-99C06827448C}"
EndProject
Project("{FAE04EC0-301F-11D3-BF4B-00C04F79EFBC}") = "CB.Media.Brushes", "..\..\..\Libraries\DotNet\CB.Media\CB.Media.Brushes\CB.Media.Brushes.csproj", "{61A1FDD6-1482-4D6C-A276-51D4124EC53B}"
EndProject
Project("{FAE04EC0-301F-11D3-BF4B-00C04F79EFBC}") = "CB.Xaml.Behaviors", "..\..\..\Libraries\DotNet\CB.Xaml\CB.Xaml.Behaviors\CB.Xaml.Behaviors.csproj", "{033B6C10-B667-4B70-AA49-E61F6C8AA084}"
EndProject
Global
	GlobalSection(SolutionConfigurationPlatforms) = preSolution
		Debug|Any CPU = Debug|Any CPU
		Debug|x64 = Debug|x64
		Debug|x86 = Debug|x86
		Release|Any CPU = Release|Any CPU
		Release|x64 = Release|x64
		Release|x86 = Release|x86
	EndGlobalSection
	GlobalSection(ProjectConfigurationPlatforms) = postSolution
		{47C0CD98-C609-4B5C-AEC8-AA1F20828E8A}.Debug|Any CPU.ActiveCfg = Debug|Any CPU
		{47C0CD98-C609-4B5C-AEC8-AA1F20828E8A}.Debug|Any CPU.Build.0 = Debug|Any CPU
		{47C0CD98-C609-4B5C-AEC8-AA1F20828E8A}.Debug|x64.ActiveCfg = Debug|Any CPU
		{47C0CD98-C609-4B5C-AEC8-AA1F20828E8A}.Debug|x64.Build.0 = Debug|Any CPU
		{47C0CD98-C609-4B5C-AEC8-AA1F20828E8A}.Debug|x86.ActiveCfg = Debug|Any CPU
		{47C0CD98-C609-4B5C-AEC8-AA1F20828E8A}.Debug|x86.Build.0 = Debug|Any CPU
		{47C0CD98-C609-4B5C-AEC8-AA1F20828E8A}.Release|Any CPU.ActiveCfg = Release|Any CPU
		{47C0CD98-C609-4B5C-AEC8-AA1F20828E8A}.Release|Any CPU.Build.0 = Release|Any CPU
		{47C0CD98-C609-4B5C-AEC8-AA1F20828E8A}.Release|x64.ActiveCfg = Release|Any CPU
		{47C0CD98-C609-4B5C-AEC8-AA1F20828E8A}.Release|x64.Build.0 = Release|Any CPU
		{47C0CD98-C609-4B5C-AEC8-AA1F20828E8A}.Release|x86.ActiveCfg = Release|Any CPU
		{47C0CD98-C609-4B5C-AEC8-AA1F20828E8A}.Release|x86.Build.0 = Release|Any CPU
		{C968F948-4CB9-4586-8CC6-6EF54464433B}.Debug|Any CPU.ActiveCfg = Debug|Any CPU
		{C968F948-4CB9-4586-8CC6-6EF54464433B}.Debug|Any CPU.Build.0 = Debug|Any CPU
		{C968F948-4CB9-4586-8CC6-6EF54464433B}.Debug|x64.ActiveCfg = Debug|Any CPU
		{C968F948-4CB9-4586-8CC6-6EF54464433B}.Debug|x64.Build.0 = Debug|Any CPU
		{C968F948-4CB9-4586-8CC6-6EF54464433B}.Debug|x86.ActiveCfg = Debug|Any CPU
		{C968F948-4CB9-4586-8CC6-6EF54464433B}.Debug|x86.Build.0 = Debug|Any CPU
		{C968F948-4CB9-4586-8CC6-6EF54464433B}.Release|Any CPU.ActiveCfg = Release|Any CPU
		{C968F948-4CB9-4586-8CC6-6EF54464433B}.Release|Any CPU.Build.0 = Release|Any CPU
		{C968F948-4CB9-4586-8CC6-6EF54464433B}.Release|x64.ActiveCfg = Release|Any CPU
		{C968F948-4CB9-4586-8CC6-6EF54464433B}.Release|x64.Build.0 = Release|Any CPU
		{C968F948-4CB9-4586-8CC6-6EF54464433B}.Release|x86.ActiveCfg = Release|Any CPU
		{C968F948-4CB9-4586-8CC6-6EF54464433B}.Release|x86.Build.0 = Release|Any CPU
		{33A5DF99-1312-4023-A6EF-EABB9848F5A6}.Debug|Any CPU.ActiveCfg = Debug|Any CPU
		{33A5DF99-1312-4023-A6EF-EABB9848F5A6}.Debug|Any CPU.Build.0 = Debug|Any CPU
		{33A5DF99-1312-4023-A6EF-EABB9848F5A6}.Debug|x64.ActiveCfg = Debug|Any CPU
		{33A5DF99-1312-4023-A6EF-EABB9848F5A6}.Debug|x64.Build.0 = Debug|Any CPU
		{33A5DF99-1312-4023-A6EF-EABB9848F5A6}.Debug|x86.ActiveCfg = Debug|Any CPU
		{33A5DF99-1312-4023-A6EF-EABB9848F5A6}.Debug|x86.Build.0 = Debug|Any CPU
		{33A5DF99-1312-4023-A6EF-EABB9848F5A6}.Release|Any CPU.ActiveCfg = Release|Any CPU
		{33A5DF99-1312-4023-A6EF-EABB9848F5A6}.Release|Any CPU.Build.0 = Release|Any CPU
		{33A5DF99-1312-4023-A6EF-EABB9848F5A6}.Release|x64.ActiveCfg = Release|Any CPU
		{33A5DF99-1312-4023-A6EF-EABB9848F5A6}.Release|x64.Build.0 = Release|Any CPU
		{33A5DF99-1312-4023-A6EF-EABB9848F5A6}.Release|x86.ActiveCfg = Release|Any CPU
		{33A5DF99-1312-4023-A6EF-EABB9848F5A6}.Release|x86.Build.0 = Release|Any CPU
		{6A52CAE9-6F3E-4A20-96EB-0E6116A6709C}.Debug|Any CPU.ActiveCfg = Debug|Any CPU
		{6A52CAE9-6F3E-4A20-96EB-0E6116A6709C}.Debug|Any CPU.Build.0 = Debug|Any CPU
		{6A52CAE9-6F3E-4A20-96EB-0E6116A6709C}.Debug|x64.ActiveCfg = Debug|Any CPU
		{6A52CAE9-6F3E-4A20-96EB-0E6116A6709C}.Debug|x64.Build.0 = Debug|Any CPU
		{6A52CAE9-6F3E-4A20-96EB-0E6116A6709C}.Debug|x86.ActiveCfg = Debug|Any CPU
		{6A52CAE9-6F3E-4A20-96EB-0E6116A6709C}.Debug|x86.Build.0 = Debug|Any CPU
		{6A52CAE9-6F3E-4A20-96EB-0E6116A6709C}.Release|Any CPU.ActiveCfg = Release|Any CPU
		{6A52CAE9-6F3E-4A20-96EB-0E6116A6709C}.Release|Any CPU.Build.0 = Release|Any CPU
		{6A52CAE9-6F3E-4A20-96EB-0E6116A6709C}.Release|x64.ActiveCfg = Release|Any CPU
		{6A52CAE9-6F3E-4A20-96EB-0E6116A6709C}.Release|x64.Build.0 = Release|Any CPU
		{6A52CAE9-6F3E-4A20-96EB-0E6116A6709C}.Release|x86.ActiveCfg = Release|Any CPU
		{6A52CAE9-6F3E-4A20-96EB-0E6116A6709C}.Release|x86.Build.0 = Release|Any CPU
		{C6214137-F4CD-4298-81E3-5A05CA7CB892}.Debug|Any CPU.ActiveCfg = Debug|x86
		{C6214137-F4CD-4298-81E3-5A05CA7CB892}.Debug|x64.ActiveCfg = Debug|x86
		{C6214137-F4CD-4298-81E3-5A05CA7CB892}.Debug|x86.ActiveCfg = Debug|x86
		{C6214137-F4CD-4298-81E3-5A05CA7CB892}.Debug|x86.Build.0 = Debug|x86
		{C6214137-F4CD-4298-81E3-5A05CA7CB892}.Release|Any CPU.ActiveCfg = Release|x86
		{C6214137-F4CD-4298-81E3-5A05CA7CB892}.Release|x64.ActiveCfg = Release|x86
		{C6214137-F4CD-4298-81E3-5A05CA7CB892}.Release|x86.ActiveCfg = Release|x86
		{C6214137-F4CD-4298-81E3-5A05CA7CB892}.Release|x86.Build.0 = Release|x86
		{3C46F9A4-7A8B-4588-872F-60B36E471FC5}.Debug|Any CPU.ActiveCfg = Debug|Any CPU
		{3C46F9A4-7A8B-4588-872F-60B36E471FC5}.Debug|Any CPU.Build.0 = Debug|Any CPU
		{3C46F9A4-7A8B-4588-872F-60B36E471FC5}.Debug|x64.ActiveCfg = Debug|Any CPU
		{3C46F9A4-7A8B-4588-872F-60B36E471FC5}.Debug|x64.Build.0 = Debug|Any CPU
		{3C46F9A4-7A8B-4588-872F-60B36E471FC5}.Debug|x86.ActiveCfg = Debug|Any CPU
		{3C46F9A4-7A8B-4588-872F-60B36E471FC5}.Debug|x86.Build.0 = Debug|Any CPU
		{3C46F9A4-7A8B-4588-872F-60B36E471FC5}.Release|Any CPU.ActiveCfg = Release|Any CPU
		{3C46F9A4-7A8B-4588-872F-60B36E471FC5}.Release|Any CPU.Build.0 = Release|Any CPU
		{3C46F9A4-7A8B-4588-872F-60B36E471FC5}.Release|x64.ActiveCfg = Release|Any CPU
		{3C46F9A4-7A8B-4588-872F-60B36E471FC5}.Release|x64.Build.0 = Release|Any CPU
		{3C46F9A4-7A8B-4588-872F-60B36E471FC5}.Release|x86.ActiveCfg = Release|Any CPU
		{3C46F9A4-7A8B-4588-872F-60B36E471FC5}.Release|x86.Build.0 = Release|Any CPU
		{88845A0D-9B1F-4D1A-92D3-0C8D97E4D747}.Debug|Any CPU.ActiveCfg = Debug|Any CPU
		{88845A0D-9B1F-4D1A-92D3-0C8D97E4D747}.Debug|Any CPU.Build.0 = Debug|Any CPU
		{88845A0D-9B1F-4D1A-92D3-0C8D97E4D747}.Debug|x64.ActiveCfg = Debug|Any CPU
		{88845A0D-9B1F-4D1A-92D3-0C8D97E4D747}.Debug|x64.Build.0 = Debug|Any CPU
		{88845A0D-9B1F-4D1A-92D3-0C8D97E4D747}.Debug|x86.ActiveCfg = Debug|Any CPU
		{88845A0D-9B1F-4D1A-92D3-0C8D97E4D747}.Debug|x86.Build.0 = Debug|Any CPU
		{88845A0D-9B1F-4D1A-92D3-0C8D97E4D747}.Release|Any CPU.ActiveCfg = Release|Any CPU
		{88845A0D-9B1F-4D1A-92D3-0C8D97E4D747}.Release|Any CPU.Build.0 = Release|Any CPU
		{88845A0D-9B1F-4D1A-92D3-0C8D97E4D747}.Release|x64.ActiveCfg = Release|Any CPU
		{88845A0D-9B1F-4D1A-92D3-0C8D97E4D747}.Release|x64.Build.0 = Release|Any CPU
		{88845A0D-9B1F-4D1A-92D3-0C8D97E4D747}.Release|x86.ActiveCfg = Release|Any CPU
		{88845A0D-9B1F-4D1A-92D3-0C8D97E4D747}.Release|x86.Build.0 = Release|Any CPU
		{640C072B-F368-4D76-9969-9C6BFE4070D3}.Debug|Any CPU.ActiveCfg = Debug|Any CPU
		{640C072B-F368-4D76-9969-9C6BFE4070D3}.Debug|Any CPU.Build.0 = Debug|Any CPU
		{640C072B-F368-4D76-9969-9C6BFE4070D3}.Debug|x64.ActiveCfg = Debug|Any CPU
		{640C072B-F368-4D76-9969-9C6BFE4070D3}.Debug|x64.Build.0 = Debug|Any CPU
		{640C072B-F368-4D76-9969-9C6BFE4070D3}.Debug|x86.ActiveCfg = Debug|Any CPU
		{640C072B-F368-4D76-9969-9C6BFE4070D3}.Debug|x86.Build.0 = Debug|Any CPU
		{640C072B-F368-4D76-9969-9C6BFE4070D3}.Release|Any CPU.ActiveCfg = Release|Any CPU
		{640C072B-F368-4D76-9969-9C6BFE4070D3}.Release|Any CPU.Build.0 = Release|Any CPU
		{640C072B-F368-4D76-9969-9C6BFE4070D3}.Release|x64.ActiveCfg = Release|Any CPU
		{640C072B-F368-4D76-9969-9C6BFE4070D3}.Release|x64.Build.0 = Release|Any CPU
		{640C072B-F368-4D76-9969-9C6BFE4070D3}.Release|x86.ActiveCfg = Release|Any CPU
		{640C072B-F368-4D76-9969-9C6BFE4070D3}.Release|x86.Build.0 = Release|Any CPU
		{40DDC946-CD13-4734-990F-FBFF6914652E}.Debug|Any CPU.ActiveCfg = Debug|Any CPU
		{40DDC946-CD13-4734-990F-FBFF6914652E}.Debug|Any CPU.Build.0 = Debug|Any CPU
		{40DDC946-CD13-4734-990F-FBFF6914652E}.Debug|x64.ActiveCfg = Debug|Any CPU
		{40DDC946-CD13-4734-990F-FBFF6914652E}.Debug|x64.Build.0 = Debug|Any CPU
		{40DDC946-CD13-4734-990F-FBFF6914652E}.Debug|x86.ActiveCfg = Debug|Any CPU
		{40DDC946-CD13-4734-990F-FBFF6914652E}.Debug|x86.Build.0 = Debug|Any CPU
		{40DDC946-CD13-4734-990F-FBFF6914652E}.Release|Any CPU.ActiveCfg = Release|Any CPU
		{40DDC946-CD13-4734-990F-FBFF6914652E}.Release|Any CPU.Build.0 = Release|Any CPU
		{40DDC946-CD13-4734-990F-FBFF6914652E}.Release|x64.ActiveCfg = Release|Any CPU
		{40DDC946-CD13-4734-990F-FBFF6914652E}.Release|x64.Build.0 = Release|Any CPU
		{40DDC946-CD13-4734-990F-FBFF6914652E}.Release|x86.ActiveCfg = Release|Any CPU
		{40DDC946-CD13-4734-990F-FBFF6914652E}.Release|x86.Build.0 = Release|Any CPU
		{65789D31-922E-4801-A486-99C06827448C}.Debug|Any CPU.ActiveCfg = Debug|Any CPU
		{65789D31-922E-4801-A486-99C06827448C}.Debug|Any CPU.Build.0 = Debug|Any CPU
		{65789D31-922E-4801-A486-99C06827448C}.Debug|x64.ActiveCfg = Debug|Any CPU
		{65789D31-922E-4801-A486-99C06827448C}.Debug|x64.Build.0 = Debug|Any CPU
		{65789D31-922E-4801-A486-99C06827448C}.Debug|x86.ActiveCfg = Debug|Any CPU
		{65789D31-922E-4801-A486-99C06827448C}.Debug|x86.Build.0 = Debug|Any CPU
		{65789D31-922E-4801-A486-99C06827448C}.Release|Any CPU.ActiveCfg = Release|Any CPU
		{65789D31-922E-4801-A486-99C06827448C}.Release|Any CPU.Build.0 = Release|Any CPU
		{65789D31-922E-4801-A486-99C06827448C}.Release|x64.ActiveCfg = Release|Any CPU
		{65789D31-922E-4801-A486-99C06827448C}.Release|x64.Build.0 = Release|Any CPU
		{65789D31-922E-4801-A486-99C06827448C}.Release|x86.ActiveCfg = Release|Any CPU
		{65789D31-922E-4801-A486-99C06827448C}.Release|x86.Build.0 = Release|Any CPU
		{61A1FDD6-1482-4D6C-A276-51D4124EC53B}.Debug|Any CPU.ActiveCfg = Debug|Any CPU
		{61A1FDD6-1482-4D6C-A276-51D4124EC53B}.Debug|Any CPU.Build.0 = Debug|Any CPU
		{61A1FDD6-1482-4D6C-A276-51D4124EC53B}.Debug|x64.ActiveCfg = Debug|Any CPU
		{61A1FDD6-1482-4D6C-A276-51D4124EC53B}.Debug|x64.Build.0 = Debug|Any CPU
		{61A1FDD6-1482-4D6C-A276-51D4124EC53B}.Debug|x86.ActiveCfg = Debug|Any CPU
		{61A1FDD6-1482-4D6C-A276-51D4124EC53B}.Debug|x86.Build.0 = Debug|Any CPU
		{61A1FDD6-1482-4D6C-A276-51D4124EC53B}.Release|Any CPU.ActiveCfg = Release|Any CPU
		{61A1FDD6-1482-4D6C-A276-51D4124EC53B}.Release|Any CPU.Build.0 = Release|Any CPU
		{61A1FDD6-1482-4D6C-A276-51D4124EC53B}.Release|x64.ActiveCfg = Release|Any CPU
		{61A1FDD6-1482-4D6C-A276-51D4124EC53B}.Release|x64.Build.0 = Release|Any CPU
		{61A1FDD6-1482-4D6C-A276-51D4124EC53B}.Release|x86.ActiveCfg = Release|Any CPU
		{61A1FDD6-1482-4D6C-A276-51D4124EC53B}.Release|x86.Build.0 = Release|Any CPU
		{033B6C10-B667-4B70-AA49-E61F6C8AA084}.Debug|Any CPU.ActiveCfg = Debug|Any CPU
		{033B6C10-B667-4B70-AA49-E61F6C8AA084}.Debug|Any CPU.Build.0 = Debug|Any CPU
		{033B6C10-B667-4B70-AA49-E61F6C8AA084}.Debug|x64.ActiveCfg = Debug|x64
		{033B6C10-B667-4B70-AA49-E61F6C8AA084}.Debug|x64.Build.0 = Debug|x64
		{033B6C10-B667-4B70-AA49-E61F6C8AA084}.Debug|x86.ActiveCfg = Debug|Any CPU
		{033B6C10-B667-4B70-AA49-E61F6C8AA084}.Debug|x86.Build.0 = Debug|Any CPU
		{033B6C10-B667-4B70-AA49-E61F6C8AA084}.Release|Any CPU.ActiveCfg = Release|Any CPU
		{033B6C10-B667-4B70-AA49-E61F6C8AA084}.Release|Any CPU.Build.0 = Release|Any CPU
		{033B6C10-B667-4B70-AA49-E61F6C8AA084}.Release|x64.ActiveCfg = Release|x64
		{033B6C10-B667-4B70-AA49-E61F6C8AA084}.Release|x64.Build.0 = Release|x64
		{033B6C10-B667-4B70-AA49-E61F6C8AA084}.Release|x86.ActiveCfg = Release|Any CPU
		{033B6C10-B667-4B70-AA49-E61F6C8AA084}.Release|x86.Build.0 = Release|Any CPU
	EndGlobalSection
	GlobalSection(SolutionProperties) = preSolution
		HideSolutionNode = FALSE
	EndGlobalSection
EndGlobal
